
Microsoft Visual Studio Solution File, Format Version 12.00
# Visual Studio Version 17
VisualStudioVersion = 17.10.35122.118
MinimumVisualStudioVersion = 10.0.40219.1
Project("{FAE04EC0-301F-11D3-BF4B-00C04F79EFBC}") = "True or False", "True or False\True or False.csproj", "{2F627199-681F-4553-948E-E5507B1B57A3}"
EndProject
Global
	GlobalSection(SolutionConfigurationPlatforms) = preSolution
		Debug|Any CPU = Debug|Any CPU
		Release|Any CPU = Release|Any CPU
	EndGlobalSection
	GlobalSection(ProjectConfigurationPlatforms) = postSolution
		{2F627199-681F-4553-948E-E5507B1B57A3}.Debug|Any CPU.ActiveCfg = Debug|Any CPU
		{2F627199-681F-4553-948E-E5507B1B57A3}.Debug|Any CPU.Build.0 = Debug|Any CPU
		{2F627199-681F-4553-948E-E5507B1B57A3}.Release|Any CPU.ActiveCfg = Release|Any CPU
		{2F627199-681F-4553-948E-E5507B1B57A3}.Release|Any CPU.Build.0 = Release|Any CPU
	EndGlobalSection
	GlobalSection(SolutionProperties) = preSolution
		HideSolutionNode = FALSE
	EndGlobalSection
	GlobalSection(ExtensibilityGlobals) = postSolution
		SolutionGuid = {A9DAD83A-04A1-4CB0-A6C3-6EFF0D527DA3}
	EndGlobalSection
EndGlobal
