
Microsoft Visual Studio Solution File, Format Version 12.00
# Visual Studio Version 17
VisualStudioVersion = 17.10.35122.118
MinimumVisualStudioVersion = 10.0.40219.1
Project("{FAE04EC0-301F-11D3-BF4B-00C04F79EFBC}") = "54. Geet the century of a year", "54. Geet the century of a year\54. Geet the century of a year.csproj", "{15D26023-5A95-4677-B91F-ADF30C812756}"
EndProject
Global
	GlobalSection(SolutionConfigurationPlatforms) = preSolution
		Debug|Any CPU = Debug|Any CPU
		Release|Any CPU = Release|Any CPU
	EndGlobalSection
	GlobalSection(ProjectConfigurationPlatforms) = postSolution
		{15D26023-5A95-4677-B91F-ADF30C812756}.Debug|Any CPU.ActiveCfg = Debug|Any CPU
		{15D26023-5A95-4677-B91F-ADF30C812756}.Debug|Any CPU.Build.0 = Debug|Any CPU
		{15D26023-5A95-4677-B91F-ADF30C812756}.Release|Any CPU.ActiveCfg = Release|Any CPU
		{15D26023-5A95-4677-B91F-ADF30C812756}.Release|Any CPU.Build.0 = Release|Any CPU
	EndGlobalSection
	GlobalSection(SolutionProperties) = preSolution
		HideSolutionNode = FALSE
	EndGlobalSection
	GlobalSection(ExtensibilityGlobals) = postSolution
		SolutionGuid = {AF6E3C4C-A3A0-4C66-99C1-1FBBEDBF895C}
	EndGlobalSection
EndGlobal
