
Microsoft Visual Studio Solution File, Format Version 12.00
# Visual Studio Version 17
VisualStudioVersion = 17.10.35122.118
MinimumVisualStudioVersion = 10.0.40219.1
Project("{FAE04EC0-301F-11D3-BF4B-00C04F79EFBC}") = "first character added  front & back", "first character added  front & back\first character added  front & back.csproj", "{18D4EBB2-2A43-458C-B387-434D83FC96D7}"
EndProject
Global
	GlobalSection(SolutionConfigurationPlatforms) = preSolution
		Debug|Any CPU = Debug|Any CPU
		Release|Any CPU = Release|Any CPU
	EndGlobalSection
	GlobalSection(ProjectConfigurationPlatforms) = postSolution
		{18D4EBB2-2A43-458C-B387-434D83FC96D7}.Debug|Any CPU.ActiveCfg = Debug|Any CPU
		{18D4EBB2-2A43-458C-B387-434D83FC96D7}.Debug|Any CPU.Build.0 = Debug|Any CPU
		{18D4EBB2-2A43-458C-B387-434D83FC96D7}.Release|Any CPU.ActiveCfg = Release|Any CPU
		{18D4EBB2-2A43-458C-B387-434D83FC96D7}.Release|Any CPU.Build.0 = Release|Any CPU
	EndGlobalSection
	GlobalSection(SolutionProperties) = preSolution
		HideSolutionNode = FALSE
	EndGlobalSection
	GlobalSection(ExtensibilityGlobals) = postSolution
		SolutionGuid = {4B80783D-D06F-4324-9372-A7EE35BCF561}
	EndGlobalSection
EndGlobal
