
Microsoft Visual Studio Solution File, Format Version 12.00
# Visual Studio Version 17
VisualStudioVersion = 17.10.35122.118
MinimumVisualStudioVersion = 10.0.40219.1
Project("{FAE04EC0-301F-11D3-BF4B-00C04F79EFBC}") = "47.Compute the sum of numbers array", "47.Compute the sum of numbers array\47.Compute the sum of numbers array.csproj", "{3554814D-58DC-48E1-9820-49DEA438872F}"
EndProject
Global
	GlobalSection(SolutionConfigurationPlatforms) = preSolution
		Debug|Any CPU = Debug|Any CPU
		Release|Any CPU = Release|Any CPU
	EndGlobalSection
	GlobalSection(ProjectConfigurationPlatforms) = postSolution
		{3554814D-58DC-48E1-9820-49DEA438872F}.Debug|Any CPU.ActiveCfg = Debug|Any CPU
		{3554814D-58DC-48E1-9820-49DEA438872F}.Debug|Any CPU.Build.0 = Debug|Any CPU
		{3554814D-58DC-48E1-9820-49DEA438872F}.Release|Any CPU.ActiveCfg = Release|Any CPU
		{3554814D-58DC-48E1-9820-49DEA438872F}.Release|Any CPU.Build.0 = Release|Any CPU
	EndGlobalSection
	GlobalSection(SolutionProperties) = preSolution
		HideSolutionNode = FALSE
	EndGlobalSection
	GlobalSection(ExtensibilityGlobals) = postSolution
		SolutionGuid = {F30B3124-1815-42B6-A58D-BEDCB63118C8}
	EndGlobalSection
EndGlobal
