
Microsoft Visual Studio Solution File, Format Version 12.00
# Visual Studio Version 17
VisualStudioVersion = 17.10.35122.118
MinimumVisualStudioVersion = 10.0.40219.1
Project("{FAE04EC0-301F-11D3-BF4B-00C04F79EFBC}") = "TryParse", "TryParse\TryParse.csproj", "{9174D3BB-755D-416A-9F62-5BF7EE773BC3}"
EndProject
Global
	GlobalSection(SolutionConfigurationPlatforms) = preSolution
		Debug|Any CPU = Debug|Any CPU
		Release|Any CPU = Release|Any CPU
	EndGlobalSection
	GlobalSection(ProjectConfigurationPlatforms) = postSolution
		{9174D3BB-755D-416A-9F62-5BF7EE773BC3}.Debug|Any CPU.ActiveCfg = Debug|Any CPU
		{9174D3BB-755D-416A-9F62-5BF7EE773BC3}.Debug|Any CPU.Build.0 = Debug|Any CPU
		{9174D3BB-755D-416A-9F62-5BF7EE773BC3}.Release|Any CPU.ActiveCfg = Release|Any CPU
		{9174D3BB-755D-416A-9F62-5BF7EE773BC3}.Release|Any CPU.Build.0 = Release|Any CPU
	EndGlobalSection
	GlobalSection(SolutionProperties) = preSolution
		HideSolutionNode = FALSE
	EndGlobalSection
	GlobalSection(ExtensibilityGlobals) = postSolution
		SolutionGuid = {919CA1D4-85B5-4F61-A9F1-8F400E2E422B}
	EndGlobalSection
EndGlobal
