
Microsoft Visual Studio Solution File, Format Version 12.00
# Visual Studio Version 17
VisualStudioVersion = 17.10.35122.118
MinimumVisualStudioVersion = 10.0.40219.1
Project("{FAE04EC0-301F-11D3-BF4B-00C04F79EFBC}") = "Dictinory", "Dictinory\Dictinory.csproj", "{1246145D-3695-4AFE-B607-00F8D774B7FA}"
EndProject
Global
	GlobalSection(SolutionConfigurationPlatforms) = preSolution
		Debug|Any CPU = Debug|Any CPU
		Release|Any CPU = Release|Any CPU
	EndGlobalSection
	GlobalSection(ProjectConfigurationPlatforms) = postSolution
		{1246145D-3695-4AFE-B607-00F8D774B7FA}.Debug|Any CPU.ActiveCfg = Debug|Any CPU
		{1246145D-3695-4AFE-B607-00F8D774B7FA}.Debug|Any CPU.Build.0 = Debug|Any CPU
		{1246145D-3695-4AFE-B607-00F8D774B7FA}.Release|Any CPU.ActiveCfg = Release|Any CPU
		{1246145D-3695-4AFE-B607-00F8D774B7FA}.Release|Any CPU.Build.0 = Release|Any CPU
	EndGlobalSection
	GlobalSection(SolutionProperties) = preSolution
		HideSolutionNode = FALSE
	EndGlobalSection
	GlobalSection(ExtensibilityGlobals) = postSolution
		SolutionGuid = {D2319A3A-A2CA-4512-A813-D00175B647F2}
	EndGlobalSection
EndGlobal
