
Microsoft Visual Studio Solution File, Format Version 12.00
# Visual Studio Version 17
VisualStudioVersion = 17.10.35122.118
MinimumVisualStudioVersion = 10.0.40219.1
Project("{FAE04EC0-301F-11D3-BF4B-00C04F79EFBC}") = "29.Find the size in bytes", "29.Find the size in bytes\29.Find the size in bytes.csproj", "{C002F362-7492-49BA-87C0-75FE803A15CB}"
EndProject
Global
	GlobalSection(SolutionConfigurationPlatforms) = preSolution
		Debug|Any CPU = Debug|Any CPU
		Release|Any CPU = Release|Any CPU
	EndGlobalSection
	GlobalSection(ProjectConfigurationPlatforms) = postSolution
		{C002F362-7492-49BA-87C0-75FE803A15CB}.Debug|Any CPU.ActiveCfg = Debug|Any CPU
		{C002F362-7492-49BA-87C0-75FE803A15CB}.Debug|Any CPU.Build.0 = Debug|Any CPU
		{C002F362-7492-49BA-87C0-75FE803A15CB}.Release|Any CPU.ActiveCfg = Release|Any CPU
		{C002F362-7492-49BA-87C0-75FE803A15CB}.Release|Any CPU.Build.0 = Release|Any CPU
	EndGlobalSection
	GlobalSection(SolutionProperties) = preSolution
		HideSolutionNode = FALSE
	EndGlobalSection
	GlobalSection(ExtensibilityGlobals) = postSolution
		SolutionGuid = {A8329379-4CA0-4DD5-8CE1-7446096E68FF}
	EndGlobalSection
EndGlobal
