
Microsoft Visual Studio Solution File, Format Version 12.00
# Visual Studio Version 17
VisualStudioVersion = 17.10.35122.118
MinimumVisualStudioVersion = 10.0.40219.1
Project("{FAE04EC0-301F-11D3-BF4B-00C04F79EFBC}") = "Reverse the word", "Reverse the word\Reverse the word.csproj", "{AAC92F62-623E-4260-9C64-653861F36735}"
EndProject
Global
	GlobalSection(SolutionConfigurationPlatforms) = preSolution
		Debug|Any CPU = Debug|Any CPU
		Release|Any CPU = Release|Any CPU
	EndGlobalSection
	GlobalSection(ProjectConfigurationPlatforms) = postSolution
		{AAC92F62-623E-4260-9C64-653861F36735}.Debug|Any CPU.ActiveCfg = Debug|Any CPU
		{AAC92F62-623E-4260-9C64-653861F36735}.Debug|Any CPU.Build.0 = Debug|Any CPU
		{AAC92F62-623E-4260-9C64-653861F36735}.Release|Any CPU.ActiveCfg = Release|Any CPU
		{AAC92F62-623E-4260-9C64-653861F36735}.Release|Any CPU.Build.0 = Release|Any CPU
	EndGlobalSection
	GlobalSection(SolutionProperties) = preSolution
		HideSolutionNode = FALSE
	EndGlobalSection
	GlobalSection(ExtensibilityGlobals) = postSolution
		SolutionGuid = {B838439B-28BC-451D-9839-B092AAD19ECE}
	EndGlobalSection
EndGlobal
