
Microsoft Visual Studio Solution File, Format Version 12.00
# Visual Studio Version 17
VisualStudioVersion = 17.10.35122.118
MinimumVisualStudioVersion = 10.0.40219.1
Project("{FAE04EC0-301F-11D3-BF4B-00C04F79EFBC}") = "String Concatenation", "String Concatenation\String Concatenation.csproj", "{71265008-6DEC-4A6B-90EF-2518184817DA}"
EndProject
Global
	GlobalSection(SolutionConfigurationPlatforms) = preSolution
		Debug|Any CPU = Debug|Any CPU
		Release|Any CPU = Release|Any CPU
	EndGlobalSection
	GlobalSection(ProjectConfigurationPlatforms) = postSolution
		{71265008-6DEC-4A6B-90EF-2518184817DA}.Debug|Any CPU.ActiveCfg = Debug|Any CPU
		{71265008-6DEC-4A6B-90EF-2518184817DA}.Debug|Any CPU.Build.0 = Debug|Any CPU
		{71265008-6DEC-4A6B-90EF-2518184817DA}.Release|Any CPU.ActiveCfg = Release|Any CPU
		{71265008-6DEC-4A6B-90EF-2518184817DA}.Release|Any CPU.Build.0 = Release|Any CPU
	EndGlobalSection
	GlobalSection(SolutionProperties) = preSolution
		HideSolutionNode = FALSE
	EndGlobalSection
	GlobalSection(ExtensibilityGlobals) = postSolution
		SolutionGuid = {3E88801E-3112-4A54-849D-88687CE27545}
	EndGlobalSection
EndGlobal
