
Microsoft Visual Studio Solution File, Format Version 12.00
# Visual Studio Version 17
VisualStudioVersion = 17.10.35122.118
MinimumVisualStudioVersion = 10.0.40219.1
Project("{FAE04EC0-301F-11D3-BF4B-00C04F79EFBC}") = "34. Check  starts with word", "34. Check  starts with word\34. Check  starts with word.csproj", "{464D70E1-5449-48BC-9B54-13DA001C99A7}"
EndProject
Global
	GlobalSection(SolutionConfigurationPlatforms) = preSolution
		Debug|Any CPU = Debug|Any CPU
		Release|Any CPU = Release|Any CPU
	EndGlobalSection
	GlobalSection(ProjectConfigurationPlatforms) = postSolution
		{464D70E1-5449-48BC-9B54-13DA001C99A7}.Debug|Any CPU.ActiveCfg = Debug|Any CPU
		{464D70E1-5449-48BC-9B54-13DA001C99A7}.Debug|Any CPU.Build.0 = Debug|Any CPU
		{464D70E1-5449-48BC-9B54-13DA001C99A7}.Release|Any CPU.ActiveCfg = Release|Any CPU
		{464D70E1-5449-48BC-9B54-13DA001C99A7}.Release|Any CPU.Build.0 = Release|Any CPU
	EndGlobalSection
	GlobalSection(SolutionProperties) = preSolution
		HideSolutionNode = FALSE
	EndGlobalSection
	GlobalSection(ExtensibilityGlobals) = postSolution
		SolutionGuid = {8435BEFD-0D04-4766-8FC1-8BFE76F13484}
	EndGlobalSection
EndGlobal
