
Microsoft Visual Studio Solution File, Format Version 12.00
# Visual Studio Version 17
VisualStudioVersion = 17.10.35122.118
MinimumVisualStudioVersion = 10.0.40219.1
Project("{FAE04EC0-301F-11D3-BF4B-00C04F79EFBC}") = "59. Create a strictly increasing seq", "59. Create a strictly increasing seq\59. Create a strictly increasing seq.csproj", "{7C7AE3A6-A62A-4862-98CC-DF9241A3276B}"
EndProject
Global
	GlobalSection(SolutionConfigurationPlatforms) = preSolution
		Debug|Any CPU = Debug|Any CPU
		Release|Any CPU = Release|Any CPU
	EndGlobalSection
	GlobalSection(ProjectConfigurationPlatforms) = postSolution
		{7C7AE3A6-A62A-4862-98CC-DF9241A3276B}.Debug|Any CPU.ActiveCfg = Debug|Any CPU
		{7C7AE3A6-A62A-4862-98CC-DF9241A3276B}.Debug|Any CPU.Build.0 = Debug|Any CPU
		{7C7AE3A6-A62A-4862-98CC-DF9241A3276B}.Release|Any CPU.ActiveCfg = Release|Any CPU
		{7C7AE3A6-A62A-4862-98CC-DF9241A3276B}.Release|Any CPU.Build.0 = Release|Any CPU
	EndGlobalSection
	GlobalSection(SolutionProperties) = preSolution
		HideSolutionNode = FALSE
	EndGlobalSection
	GlobalSection(ExtensibilityGlobals) = postSolution
		SolutionGuid = {5CA77E1B-6011-486D-985B-07EE3D941B2D}
	EndGlobalSection
EndGlobal
