
Microsoft Visual Studio Solution File, Format Version 12.00
# Visual Studio Version 17
VisualStudioVersion = 17.10.35122.118
MinimumVisualStudioVersion = 10.0.40219.1
Project("{FAE04EC0-301F-11D3-BF4B-00C04F79EFBC}") = "49. Last & 1st int equal in 2 array", "49. Last & 1st int equal in 2 array\49. Last & 1st int equal in 2 array.csproj", "{C3430B01-DD12-4812-8FFF-5A63411A68E2}"
EndProject
Global
	GlobalSection(SolutionConfigurationPlatforms) = preSolution
		Debug|Any CPU = Debug|Any CPU
		Release|Any CPU = Release|Any CPU
	EndGlobalSection
	GlobalSection(ProjectConfigurationPlatforms) = postSolution
		{C3430B01-DD12-4812-8FFF-5A63411A68E2}.Debug|Any CPU.ActiveCfg = Debug|Any CPU
		{C3430B01-DD12-4812-8FFF-5A63411A68E2}.Debug|Any CPU.Build.0 = Debug|Any CPU
		{C3430B01-DD12-4812-8FFF-5A63411A68E2}.Release|Any CPU.ActiveCfg = Release|Any CPU
		{C3430B01-DD12-4812-8FFF-5A63411A68E2}.Release|Any CPU.Build.0 = Release|Any CPU
	EndGlobalSection
	GlobalSection(SolutionProperties) = preSolution
		HideSolutionNode = FALSE
	EndGlobalSection
	GlobalSection(ExtensibilityGlobals) = postSolution
		SolutionGuid = {FEC07BF8-1EF2-433A-9CDC-7049346A4DF5}
	EndGlobalSection
EndGlobal
