
Microsoft Visual Studio Solution File, Format Version 12.00
# Visual Studio Version 17
VisualStudioVersion = 17.10.35122.118
MinimumVisualStudioVersion = 10.0.40219.1
Project("{FAE04EC0-301F-11D3-BF4B-00C04F79EFBC}") = "Fizz Buzz Game", "Fizz Buzz Game\Fizz Buzz Game.csproj", "{9AF11999-24BD-48A6-847E-3A55F51C789D}"
EndProject
Global
	GlobalSection(SolutionConfigurationPlatforms) = preSolution
		Debug|Any CPU = Debug|Any CPU
		Release|Any CPU = Release|Any CPU
	EndGlobalSection
	GlobalSection(ProjectConfigurationPlatforms) = postSolution
		{9AF11999-24BD-48A6-847E-3A55F51C789D}.Debug|Any CPU.ActiveCfg = Debug|Any CPU
		{9AF11999-24BD-48A6-847E-3A55F51C789D}.Debug|Any CPU.Build.0 = Debug|Any CPU
		{9AF11999-24BD-48A6-847E-3A55F51C789D}.Release|Any CPU.ActiveCfg = Release|Any CPU
		{9AF11999-24BD-48A6-847E-3A55F51C789D}.Release|Any CPU.Build.0 = Release|Any CPU
	EndGlobalSection
	GlobalSection(SolutionProperties) = preSolution
		HideSolutionNode = FALSE
	EndGlobalSection
	GlobalSection(ExtensibilityGlobals) = postSolution
		SolutionGuid = {C5A68DD6-8B25-49E8-B7AA-EB16A3857BBA}
	EndGlobalSection
EndGlobal
