
Microsoft Visual Studio Solution File, Format Version 12.00
# Visual Studio Version 17
VisualStudioVersion = 17.10.35122.118
MinimumVisualStudioVersion = 10.0.40219.1
Project("{FAE04EC0-301F-11D3-BF4B-00C04F79EFBC}") = "Print odd number", "Print odd number\Print odd number.csproj", "{24A42981-7DA7-4322-8F24-B64F8526AB0B}"
EndProject
Global
	GlobalSection(SolutionConfigurationPlatforms) = preSolution
		Debug|Any CPU = Debug|Any CPU
		Release|Any CPU = Release|Any CPU
	EndGlobalSection
	GlobalSection(ProjectConfigurationPlatforms) = postSolution
		{24A42981-7DA7-4322-8F24-B64F8526AB0B}.Debug|Any CPU.ActiveCfg = Debug|Any CPU
		{24A42981-7DA7-4322-8F24-B64F8526AB0B}.Debug|Any CPU.Build.0 = Debug|Any CPU
		{24A42981-7DA7-4322-8F24-B64F8526AB0B}.Release|Any CPU.ActiveCfg = Release|Any CPU
		{24A42981-7DA7-4322-8F24-B64F8526AB0B}.Release|Any CPU.Build.0 = Release|Any CPU
	EndGlobalSection
	GlobalSection(SolutionProperties) = preSolution
		HideSolutionNode = FALSE
	EndGlobalSection
	GlobalSection(ExtensibilityGlobals) = postSolution
		SolutionGuid = {F68B5AD3-1D6A-448F-8050-711CCF56638E}
	EndGlobalSection
EndGlobal
