
Microsoft Visual Studio Solution File, Format Version 12.00
# Visual Studio Version 17
VisualStudioVersion = 17.10.35122.118
MinimumVisualStudioVersion = 10.0.40219.1
Project("{FAE04EC0-301F-11D3-BF4B-00C04F79EFBC}") = "40.Find nearest value of 20", "40.Find nearest value of 20\40.Find nearest value of 20.csproj", "{9DF6F046-379C-4BFC-BAD3-066B18596868}"
EndProject
Global
	GlobalSection(SolutionConfigurationPlatforms) = preSolution
		Debug|Any CPU = Debug|Any CPU
		Release|Any CPU = Release|Any CPU
	EndGlobalSection
	GlobalSection(ProjectConfigurationPlatforms) = postSolution
		{9DF6F046-379C-4BFC-BAD3-066B18596868}.Debug|Any CPU.ActiveCfg = Debug|Any CPU
		{9DF6F046-379C-4BFC-BAD3-066B18596868}.Debug|Any CPU.Build.0 = Debug|Any CPU
		{9DF6F046-379C-4BFC-BAD3-066B18596868}.Release|Any CPU.ActiveCfg = Release|Any CPU
		{9DF6F046-379C-4BFC-BAD3-066B18596868}.Release|Any CPU.Build.0 = Release|Any CPU
	EndGlobalSection
	GlobalSection(SolutionProperties) = preSolution
		HideSolutionNode = FALSE
	EndGlobalSection
	GlobalSection(ExtensibilityGlobals) = postSolution
		SolutionGuid = {7527328D-9894-4304-9EF4-DC74CEE3D6BE}
	EndGlobalSection
EndGlobal
