
Microsoft Visual Studio Solution File, Format Version 12.00
# Visual Studio Version 17
VisualStudioVersion = 17.10.35122.118
MinimumVisualStudioVersion = 10.0.40219.1
Project("{FAE04EC0-301F-11D3-BF4B-00C04F79EFBC}") = "56. Check string is a palindrome or not", "56. Check string is a palindrome or not.\56. Check string is a palindrome or not.csproj", "{6EA4FB6D-A43B-49D5-84AA-ED356C8947FF}"
EndProject
Global
	GlobalSection(SolutionConfigurationPlatforms) = preSolution
		Debug|Any CPU = Debug|Any CPU
		Release|Any CPU = Release|Any CPU
	EndGlobalSection
	GlobalSection(ProjectConfigurationPlatforms) = postSolution
		{6EA4FB6D-A43B-49D5-84AA-ED356C8947FF}.Debug|Any CPU.ActiveCfg = Debug|Any CPU
		{6EA4FB6D-A43B-49D5-84AA-ED356C8947FF}.Debug|Any CPU.Build.0 = Debug|Any CPU
		{6EA4FB6D-A43B-49D5-84AA-ED356C8947FF}.Release|Any CPU.ActiveCfg = Release|Any CPU
		{6EA4FB6D-A43B-49D5-84AA-ED356C8947FF}.Release|Any CPU.Build.0 = Release|Any CPU
	EndGlobalSection
	GlobalSection(SolutionProperties) = preSolution
		HideSolutionNode = FALSE
	EndGlobalSection
	GlobalSection(ExtensibilityGlobals) = postSolution
		SolutionGuid = {FAF386E1-8C1F-4E6C-B6A6-8D6375E0FB19}
	EndGlobalSection
EndGlobal
