
Microsoft Visual Studio Solution File, Format Version 12.00
# Visual Studio Version 17
VisualStudioVersion = 17.10.35122.118
MinimumVisualStudioVersion = 10.0.40219.1
Project("{FAE04EC0-301F-11D3-BF4B-00C04F79EFBC}") = "Return Funtion", "Return Funtion\Return Funtion.csproj", "{9F238DF8-4E5B-4210-A85B-D580519D18E1}"
EndProject
Global
	GlobalSection(SolutionConfigurationPlatforms) = preSolution
		Debug|Any CPU = Debug|Any CPU
		Release|Any CPU = Release|Any CPU
	EndGlobalSection
	GlobalSection(ProjectConfigurationPlatforms) = postSolution
		{9F238DF8-4E5B-4210-A85B-D580519D18E1}.Debug|Any CPU.ActiveCfg = Debug|Any CPU
		{9F238DF8-4E5B-4210-A85B-D580519D18E1}.Debug|Any CPU.Build.0 = Debug|Any CPU
		{9F238DF8-4E5B-4210-A85B-D580519D18E1}.Release|Any CPU.ActiveCfg = Release|Any CPU
		{9F238DF8-4E5B-4210-A85B-D580519D18E1}.Release|Any CPU.Build.0 = Release|Any CPU
	EndGlobalSection
	GlobalSection(SolutionProperties) = preSolution
		HideSolutionNode = FALSE
	EndGlobalSection
	GlobalSection(ExtensibilityGlobals) = postSolution
		SolutionGuid = {7F4E4153-0C13-4C9E-8870-41C0D3CF5849}
	EndGlobalSection
EndGlobal
