
Microsoft Visual Studio Solution File, Format Version 12.00
# Visual Studio Version 17
VisualStudioVersion = 17.10.35122.118
MinimumVisualStudioVersion = 10.0.40219.1
Project("{FAE04EC0-301F-11D3-BF4B-00C04F79EFBC}") = "50. Rotate an array (length 3)", "50. Rotate an array (length 3)\50. Rotate an array (length 3).csproj", "{DA163673-50F8-44EE-8A12-8514F4C25B24}"
EndProject
Global
	GlobalSection(SolutionConfigurationPlatforms) = preSolution
		Debug|Any CPU = Debug|Any CPU
		Release|Any CPU = Release|Any CPU
	EndGlobalSection
	GlobalSection(ProjectConfigurationPlatforms) = postSolution
		{DA163673-50F8-44EE-8A12-8514F4C25B24}.Debug|Any CPU.ActiveCfg = Debug|Any CPU
		{DA163673-50F8-44EE-8A12-8514F4C25B24}.Debug|Any CPU.Build.0 = Debug|Any CPU
		{DA163673-50F8-44EE-8A12-8514F4C25B24}.Release|Any CPU.ActiveCfg = Release|Any CPU
		{DA163673-50F8-44EE-8A12-8514F4C25B24}.Release|Any CPU.Build.0 = Release|Any CPU
	EndGlobalSection
	GlobalSection(SolutionProperties) = preSolution
		HideSolutionNode = FALSE
	EndGlobalSection
	GlobalSection(ExtensibilityGlobals) = postSolution
		SolutionGuid = {62DA19AA-DA2B-460C-9CE3-C0489AA4DEAB}
	EndGlobalSection
EndGlobal
