
Microsoft Visual Studio Solution File, Format Version 12.00
# Visual Studio Version 17
VisualStudioVersion = 17.10.35122.118
MinimumVisualStudioVersion = 10.0.40219.1
Project("{FAE04EC0-301F-11D3-BF4B-00C04F79EFBC}") = "Sum of int Array using funtion", "Sum of int Array using funtion\Sum of int Array using funtion.csproj", "{2D17FF7D-B932-48B7-B10D-D089FA1A866E}"
EndProject
Global
	GlobalSection(SolutionConfigurationPlatforms) = preSolution
		Debug|Any CPU = Debug|Any CPU
		Release|Any CPU = Release|Any CPU
	EndGlobalSection
	GlobalSection(ProjectConfigurationPlatforms) = postSolution
		{2D17FF7D-B932-48B7-B10D-D089FA1A866E}.Debug|Any CPU.ActiveCfg = Debug|Any CPU
		{2D17FF7D-B932-48B7-B10D-D089FA1A866E}.Debug|Any CPU.Build.0 = Debug|Any CPU
		{2D17FF7D-B932-48B7-B10D-D089FA1A866E}.Release|Any CPU.ActiveCfg = Release|Any CPU
		{2D17FF7D-B932-48B7-B10D-D089FA1A866E}.Release|Any CPU.Build.0 = Release|Any CPU
	EndGlobalSection
	GlobalSection(SolutionProperties) = preSolution
		HideSolutionNode = FALSE
	EndGlobalSection
	GlobalSection(ExtensibilityGlobals) = postSolution
		SolutionGuid = {BE3E49AE-A4EA-43EF-96BB-647DB1C8C930}
	EndGlobalSection
EndGlobal
