
Microsoft Visual Studio Solution File, Format Version 12.00
# Visual Studio Version 17
VisualStudioVersion = 17.10.35122.118
MinimumVisualStudioVersion = 10.0.40219.1
Project("{FAE04EC0-301F-11D3-BF4B-00C04F79EFBC}") = "57. Find the pair adjacent largest eleme", "57. Find the pair adjacent largest eleme\57. Find the pair adjacent largest eleme.csproj", "{2F9EE8C9-A5EC-46F7-950F-9E343A8BD57F}"
EndProject
Global
	GlobalSection(SolutionConfigurationPlatforms) = preSolution
		Debug|Any CPU = Debug|Any CPU
		Release|Any CPU = Release|Any CPU
	EndGlobalSection
	GlobalSection(ProjectConfigurationPlatforms) = postSolution
		{2F9EE8C9-A5EC-46F7-950F-9E343A8BD57F}.Debug|Any CPU.ActiveCfg = Debug|Any CPU
		{2F9EE8C9-A5EC-46F7-950F-9E343A8BD57F}.Debug|Any CPU.Build.0 = Debug|Any CPU
		{2F9EE8C9-A5EC-46F7-950F-9E343A8BD57F}.Release|Any CPU.ActiveCfg = Release|Any CPU
		{2F9EE8C9-A5EC-46F7-950F-9E343A8BD57F}.Release|Any CPU.Build.0 = Release|Any CPU
	EndGlobalSection
	GlobalSection(SolutionProperties) = preSolution
		HideSolutionNode = FALSE
	EndGlobalSection
	GlobalSection(ExtensibilityGlobals) = postSolution
		SolutionGuid = {21B43D30-9966-40AD-A7F3-01CA11F6FC0C}
	EndGlobalSection
EndGlobal
